version = 1
revision = 1
requires-python = ">=3.12, <4"

[[package]]
name = "arro3-core"
version = "0.5.1"
source = { registry = "https://pypi.org/simple" }
wheels = [
    { url = "https://files.pythonhosted.org/packages/c9/9c/af3c6127548630beaa319746770265b2fb996bb3e6dba8d16f78910bc070/arro3_core-0.5.1-cp312-cp312-macosx_10_12_x86_64.whl", hash = "sha256:afccbaf951a84d6eafb4384692ea557ad06887c6db8825e9417647f805735936", size = 2438592 },
    { url = "https://files.pythonhosted.org/packages/d8/50/057c93a846bbc5e5e55a976ea4fc00255332f64e5f9b1abfc218bb184f48/arro3_core-0.5.1-cp312-cp312-macosx_11_0_arm64.whl", hash = "sha256:37325ec2f47a4dce40fa871935000708b545f3981c8e2bde7d7a031f2e098865", size = 2145488 },
    { url = "https://files.pythonhosted.org/packages/1f/8c/cbb785ecb9a0df254f5a761fc5ac7c8c5a6f93b0116e994ecf2797984f80/arro3_core-0.5.1-cp312-cp312-manylinux_2_17_armv7l.manylinux2014_armv7l.whl", hash = "sha256:63ac803d46127d8c01bc4ffbb5911f10e51c063c9bcc76ba0258378bda683383", size = 2592145 },
    { url = "https://files.pythonhosted.org/packages/d1/ee/405d2bdb88a97f03fb64f2cb655274f58439f8aa6e3cf9d2034581899edb/arro3_core-0.5.1-cp312-cp312-manylinux_2_17_ppc64le.manylinux2014_ppc64le.whl", hash = "sha256:dbaf8ccce7637631ed5dc7d53b58aaa0f8c7e935b772ff10a31c9cee571b799a", size = 2637122 },
    { url = "https://files.pythonhosted.org/packages/6a/0c/9f611398d63b686ea990d6dcf88a98ec7bc66a78d12c27829f80bf8696bc/arro3_core-0.5.1-cp312-cp312-manylinux_2_17_s390x.manylinux2014_s390x.whl", hash = "sha256:5b76a47e326311dea3b8ff302ec0d2741d85a7736be472e39314a87569e4552c", size = 2876345 },
    { url = "https://files.pythonhosted.org/packages/d8/57/1bc7bd889c65d190a7ce609a720b16f0280e84da87f1c408c34fd099ecaf/arro3_core-0.5.1-cp312-cp312-manylinux_2_17_x86_64.manylinux2014_x86_64.whl", hash = "sha256:4331989dbbeb6c47db6ee4502df940e90a04b1066bc4d044b9f3c273eb5a0aeb", size = 2537679 },
    { url = "https://files.pythonhosted.org/packages/ef/29/9a692f67bdcf2bb07a2635d526ee8751db0676fdb6074d2eee64918ec7db/arro3_core-0.5.1-cp312-cp312-manylinux_2_24_aarch64.whl", hash = "sha256:b9ec0d1e4ffe4cc831dfe67fcb0ca9b263743ca56f47bd433ee53af1993687a9", size = 2286635 },
    { url = "https://files.pythonhosted.org/packages/2f/23/b37f5eb6db22d02e0c23b502e4d29d85cb8483706feb76a1a2b5b33498f7/arro3_core-0.5.1-cp312-cp312-manylinux_2_5_i686.manylinux1_i686.whl", hash = "sha256:ce7009d5b24c21b641d9e254d81ff7e3f89f8bc20100d4f56e36211ccc72a897", size = 2722295 },
    { url = "https://files.pythonhosted.org/packages/e7/bf/7cc411fbbf78049c0c3395c5757f51df569dee1f20d212a9822ead974315/arro3_core-0.5.1-cp312-cp312-musllinux_1_2_aarch64.whl", hash = "sha256:924ce175770c6dc351ff9482a716de6d54afff817d340bea1902f60c9c8edec8", size = 2431978 },
    { url = "https://files.pythonhosted.org/packages/73/0a/52d132ca671739f6c82529a4cc75d4872b9ca0a52dce4b8e7c930af5adf1/arro3_core-0.5.1-cp312-cp312-musllinux_1_2_armv7l.whl", hash = "sha256:aa6a8c4bd99f846fcd7f593f1177c0cf248f6c447c9f612cf336b6426ab53429", size = 2866622 },
    { url = "https://files.pythonhosted.org/packages/df/7d/925aa386f08a4f0e6b1f54625c8b7536fb3c6f1335377c553fc16b330e75/arro3_core-0.5.1-cp312-cp312-musllinux_1_2_i686.whl", hash = "sha256:7cbec3c4422fbfc41efb68def5020377134ff64cda9ce6f302ed93a600765906", size = 2793027 },
    { url = "https://files.pythonhosted.org/packages/4e/0c/dd4a90153fefa49829b20358c6f23b7d33c2613b6e05f2956e4775a9e0a1/arro3_core-0.5.1-cp312-cp312-musllinux_1_2_x86_64.whl", hash = "sha256:3485b3f00366407960f30b4b5032fdfeea87cdb103b493c38ad0592534ba9f0b", size = 2706493 },
    { url = "https://files.pythonhosted.org/packages/45/54/f6aafaef5388fe260e4bc02d00442e8bf2f9966637b2ddcb1661d8366c59/arro3_core-0.5.1-cp312-cp312-win_amd64.whl", hash = "sha256:36ccfc7316f5aa534ee0d647720932bf6c18546e55034dadea625a9bb84c9baf", size = 2612703 },
    { url = "https://files.pythonhosted.org/packages/ce/3f/52336dca7f4784b778d458f7071e5746db33825cb57509fd35196522e5df/arro3_core-0.5.1-cp313-cp313-macosx_10_12_x86_64.whl", hash = "sha256:bb7fba3c4324db78615b5440ac51f46022ce7674489d96f8916491c117102e47", size = 2438140 },
    { url = "https://files.pythonhosted.org/packages/b0/02/32d2c8fa81b33e587b9b6be0a71a0e46523f50f1b20d1903b0fb3f1d9cad/arro3_core-0.5.1-cp313-cp313-macosx_11_0_arm64.whl", hash = "sha256:39bad825cb042f22be5f5ab019844541398a3393d154e3675013b4ebb825b3b9", size = 2145410 },
    { url = "https://files.pythonhosted.org/packages/d1/72/4632d4240f2d10de16050314263932c80a7bfabab22688e3dcdc1505a0d6/arro3_core-0.5.1-cp313-cp313-manylinux_2_17_armv7l.manylinux2014_armv7l.whl", hash = "sha256:c6520a6cc6e22fe2f8064dc8e4f93961e05fb9a486c921f71a5ef49843c27d24", size = 2591203 },
    { url = "https://files.pythonhosted.org/packages/03/c6/8fd3fcf7a1ccfaeb62827457785293a5ad1a8bf44623903d7e5d99212cb5/arro3_core-0.5.1-cp313-cp313-manylinux_2_17_ppc64le.manylinux2014_ppc64le.whl", hash = "sha256:63e9e96c034177721b8d5af36d4deff3e93411a24b009b4565e08711cddbbc75", size = 2636665 },
    { url = "https://files.pythonhosted.org/packages/6a/84/f5df7ed0eeb1fdaa3cd4d19fb829dca791c3b5108e5f5350a50ff34da914/arro3_core-0.5.1-cp313-cp313-manylinux_2_17_s390x.manylinux2014_s390x.whl", hash = "sha256:639083eb1712bd39540761a25ab786ba9cb51e0710bb77b21499a2914ba076d4", size = 2883496 },
    { url = "https://files.pythonhosted.org/packages/b4/e1/6ab0dd6f362f95ef855d2ba7aacf55c9dd08c55a3d8c5339eafa20f3e0f3/arro3_core-0.5.1-cp313-cp313-manylinux_2_17_x86_64.manylinux2014_x86_64.whl", hash = "sha256:c4876a3c34bd54d970c498e2f61bfb7e36306934fd6acbfa5de497f093972bf0", size = 2536753 },
    { url = "https://files.pythonhosted.org/packages/53/20/b0d9bd9b6ccac1c53abb29961046364fb1fba84e9ebd3726ff996bb07b53/arro3_core-0.5.1-cp313-cp313-manylinux_2_24_aarch64.whl", hash = "sha256:a4b93fcc5464bd2b638402b56032a1d3cecb78d668d0aa1035d2ee7ee7487abb", size = 2286389 },
    { url = "https://files.pythonhosted.org/packages/49/21/8338d0a2ede9128dc46f44601b584ec3544f9ee2d43c841307d563e8cdfa/arro3_core-0.5.1-cp313-cp313-manylinux_2_5_i686.manylinux1_i686.whl", hash = "sha256:8effd284a02b2a685736eb0365528842992a770a3bf544ece4ccc0ed9a7bf703", size = 2721899 },
    { url = "https://files.pythonhosted.org/packages/67/96/f90db955ed8b8d422d09b15e3b1f759a02e4700021f2e4ac68dd5cedca51/arro3_core-0.5.1-cp313-cp313-musllinux_1_2_aarch64.whl", hash = "sha256:cbc512e90647176528ea09ac18a5d27a47a0ac05755b7924ffcb89923dbf6e38", size = 2431834 },
    { url = "https://files.pythonhosted.org/packages/88/f3/c58d9769d46b13f6d51ff5998885396ef224eb384a0ebda236ef26a833a7/arro3_core-0.5.1-cp313-cp313-musllinux_1_2_armv7l.whl", hash = "sha256:d4d0141a6b7f5744750cc4066f564cfd509df6857704a2a9a29946a7c2f08f2b", size = 2866047 },
    { url = "https://files.pythonhosted.org/packages/7c/7a/af901793fa426e8b86194654820c3612001b165b25f3bd7adde8d9e7bef4/arro3_core-0.5.1-cp313-cp313-musllinux_1_2_i686.whl", hash = "sha256:f8c14b496f93906125baccef75703f0ea1c91608c201296bc21a1e916e5eb42c", size = 2792693 },
    { url = "https://files.pythonhosted.org/packages/2e/97/651eb8358d64d2bf5353db3d31ae6cb06529a07d2be699aa6a27434c6811/arro3_core-0.5.1-cp313-cp313-musllinux_1_2_x86_64.whl", hash = "sha256:40e9db9564f22286310c5304884468b98d4eeb628f71c22f27d527e4219ae247", size = 2706150 },
    { url = "https://files.pythonhosted.org/packages/f3/af/0d591453490941e7cd2524ccac0398824eabafa745d0a25a758b1de2e361/arro3_core-0.5.1-cp313-cp313-win_amd64.whl", hash = "sha256:bb0b13975c5394cb6a9887495aaf06cad8993893f99911c8aa2b827cd55dd6a8", size = 2612300 },
]

[[package]]
name = "boto3"
version = "1.40.9"
source = { registry = "https://pypi.org/simple" }
dependencies = [
    { name = "botocore" },
    { name = "jmespath" },
    { name = "s3transfer" },
]
sdist = { url = "https://files.pythonhosted.org/packages/72/63/b263070ba4a2815de633d71dd4c5c04c9eb7000d33c510036c9557692324/boto3-1.40.9.tar.gz", hash = "sha256:af3f77a548b3dd7db5046609598a28a9ad5d062437b1783da9b526cc67c38b79", size = 111953 }
wheels = [
    { url = "https://files.pythonhosted.org/packages/b6/6d/79fad38fcd7e1fc6961061b46cc87706c5c946088bc4620abf0d0aa49420/boto3-1.40.9-py3-none-any.whl", hash = "sha256:516f5e3f7552b2a7ca4d2c89b338fb4684998c676b11b906e2ab694c91716ba6", size = 140061 },
]

[[package]]
name = "botocore"
version = "1.40.9"
source = { registry = "https://pypi.org/simple" }
dependencies = [
    { name = "jmespath" },
    { name = "python-dateutil" },
    { name = "urllib3" },
]
sdist = { url = "https://files.pythonhosted.org/packages/ff/f3/7bf4913b4b61416c014cfee38211d071f75894cca37f7234519c4d8676d1/botocore-1.40.9.tar.gz", hash = "sha256:f4a9c6ed08e8637138e1b5534f89d38c02650974b6458a07690493130e295f68", size = 14325768 }
wheels = [
    { url = "https://files.pythonhosted.org/packages/02/e9/367e81e114deb92a6e0d5740f0bff4548af710be318af65265b9aad72237/botocore-1.40.9-py3-none-any.whl", hash = "sha256:d4960a39aab9658bcd0272490003001cb4a8d12b89bb297ccef994ee023fb638", size = 13990592 },
]

[[package]]
name = "deltalake"
version = "1.1.4"
source = { registry = "https://pypi.org/simple" }
dependencies = [
    { name = "arro3-core" },
    { name = "deprecated" },
]
sdist = { url = "https://files.pythonhosted.org/packages/3b/04/b905b40ac511155944c25bd0c541a9b82d456ee35e7859be25e788ae8bff/deltalake-1.1.4.tar.gz", hash = "sha256:2e978950d420e050bbdcb5f62e3be93d331cb516ab4c9b1694cf1a7887c63e25", size = 5097828 }
wheels = [
    { url = "https://files.pythonhosted.org/packages/8d/e8/aaf28573d6c29faccd69a55763aab77c33ef383122e5e57b90f4bb1b65d5/deltalake-1.1.4-cp39-abi3-macosx_10_12_x86_64.whl", hash = "sha256:2fb21d2405928db57c56f9b459b5d0cec9cdbbcb882bfea1de1e98d9dc6c9f3d", size = 43310898 },
    { url = "https://files.pythonhosted.org/packages/71/3e/d1fc3685a3414e61a764a0698df5342f67f28b102387cc4482cfc5544518/deltalake-1.1.4-cp39-abi3-macosx_11_0_arm64.whl", hash = "sha256:8ad7d2a19b5e76aad43ea359305c892b014bc07f85e71beb95b6e9c672d116ee", size = 39906549 },
    { url = "https://files.pythonhosted.org/packages/d6/94/18f5cf3d50a1aca6759f1e61ad23608bbd1aa3bfe2fc247858c5a1367cc6/deltalake-1.1.4-cp39-abi3-manylinux_2_17_aarch64.manylinux2014_aarch64.whl", hash = "sha256:af269b95fc858134a051fd08da294e8a3d64301f61f99ed0c54269fc6c177c6e", size = 41789854 },
    { url = "https://files.pythonhosted.org/packages/24/00/24dbce2a5c13c69b04dba718e64e4f74d5882ac94350228a004a27e5975c/deltalake-1.1.4-cp39-abi3-manylinux_2_17_x86_64.manylinux2014_x86_64.whl", hash = "sha256:7f28480d3a19f93a75687a1a2a4449b3a6b7355243b765e4379f501dcac03eea", size = 53068945 },
    { url = "https://files.pythonhosted.org/packages/92/e3/6a2a8ea39e16441825f7348a1d130653415c85a59355ee064dc5f0932f22/deltalake-1.1.4-cp39-abi3-manylinux_2_28_aarch64.whl", hash = "sha256:17986efcf450ba54245d8cb41a947434ebb1a866e8746129075d49c504300cd9", size = 41800723 },
    { url = "https://files.pythonhosted.org/packages/65/95/6e7a30c3d97593539411c3afb2331f0ed9e4c8115bea540ddd23a6b9155e/deltalake-1.1.4-cp39-abi3-musllinux_1_2_x86_64.whl", hash = "sha256:fe441bf4e81df7ff8d9069677cd9e8e9e2e7020ec80bed2f7feefba617f3c2f9", size = 45420869 },
    { url = "https://files.pythonhosted.org/packages/b8/9f/3e8218adab1e8681c9de1835a8a08592214e5e0da4d1e220f59c20112b00/deltalake-1.1.4-cp39-abi3-win_amd64.whl", hash = "sha256:62ad8443cda6ec7b826c1bfe7e935d02df86670d8c7c1d9909744f07cb20a887", size = 43867754 },
]

[[package]]
name = "deprecated"
version = "1.2.18"
source = { registry = "https://pypi.org/simple" }
dependencies = [
    { name = "wrapt" },
]
sdist = { url = "https://files.pythonhosted.org/packages/98/97/06afe62762c9a8a86af0cfb7bfdab22a43ad17138b07af5b1a58442690a2/deprecated-1.2.18.tar.gz", hash = "sha256:422b6f6d859da6f2ef57857761bfb392480502a64c3028ca9bbe86085d72115d", size = 2928744 }
wheels = [
    { url = "https://files.pythonhosted.org/packages/6e/c6/ac0b6c1e2d138f1002bcf799d330bd6d85084fece321e662a14223794041/Deprecated-1.2.18-py2.py3-none-any.whl", hash = "sha256:bd5011788200372a32418f888e326a09ff80d0214bd961147cfed01b5c018eec", size = 9998 },
]

[[package]]
name = "fsspec"
version = "2025.7.0"
source = { registry = "https://pypi.org/simple" }
sdist = { url = "https://files.pythonhosted.org/packages/8b/02/0835e6ab9cfc03916fe3f78c0956cfcdb6ff2669ffa6651065d5ebf7fc98/fsspec-2025.7.0.tar.gz", hash = "sha256:786120687ffa54b8283d942929540d8bc5ccfa820deb555a2b5d0ed2b737bf58", size = 304432 }
wheels = [
    { url = "https://files.pythonhosted.org/packages/2f/e0/014d5d9d7a4564cf1c40b5039bc882db69fd881111e03ab3657ac0b218e2/fsspec-2025.7.0-py3-none-any.whl", hash = "sha256:8b012e39f63c7d5f10474de957f3ab793b47b45ae7d39f2fb735f8bbe25c0e21", size = 199597 },
]

[[package]]
name = "jmespath"
version = "1.0.1"
source = { registry = "https://pypi.org/simple" }
sdist = { url = "https://files.pythonhosted.org/packages/00/2a/e867e8531cf3e36b41201936b7fa7ba7b5702dbef42922193f05c8976cd6/jmespath-1.0.1.tar.gz", hash = "sha256:90261b206d6defd58fdd5e85f478bf633a2901798906be2ad389150c5c60edbe", size = 25843 }
wheels = [
    { url = "https://files.pythonhosted.org/packages/31/b4/b9b800c45527aadd64d5b442f9b932b00648617eb5d63d2c7a6587b7cafc/jmespath-1.0.1-py3-none-any.whl", hash = "sha256:02e2e4cc71b5bcab88332eebf907519190dd9e6e82107fa7f83b1003a6252980", size = 20256 },
]

[[package]]
name = "kafka-deltalake-minio"
version = "0.0.1"
source = { editable = "." }
dependencies = [
    { name = "boto3" },
    { name = "deltalake" },
    { name = "kafka-python" },
    { name = "polars" },
    { name = "s3fs" },
]

[package.metadata]
requires-dist = [
    { name = "boto3" },
    { name = "deltalake" },
    { name = "kafka-python" },
    { name = "polars" },
    { name = "s3fs" },
]

[[package]]
name = "kafka-python"
version = "2.2.15"
source = { registry = "https://pypi.org/simple" }
sdist = { url = "https://files.pythonhosted.org/packages/da/67/1434436f3cb409443f72a4843b877ac2d9bf586a31a0e966cf1dc4dc9a94/kafka_python-2.2.15.tar.gz", hash = "sha256:e0f480a45f3814cb0eb705b8b4f61069e1be61dae0d8c69d0f1f2da33eea1bd5", size = 347870 }
wheels = [
    { url = "https://files.pythonhosted.org/packages/e6/35/e8bfed5425e8fe685bd03ec3f5135ee8b88c11558baa59c0d12fbd2a20ae/kafka_python-2.2.15-py2.py3-none-any.whl", hash = "sha256:84c0993cd4f7f2f01e92d8104ea9bdf631aff72fc5e6ea62eb3bdf1d56528fc3", size = 309751 },
]

[[package]]
name = "polars"
version = "1.32.2"
source = { registry = "https://pypi.org/simple" }
sdist = { url = "https://files.pythonhosted.org/packages/8a/07/7864688644139b1bc198c36e34e81581ec76c8d20ae57c4879914786b2a1/polars-1.32.2.tar.gz", hash = "sha256:b4c5cefc7cf7a2461f8800cf2c09976c47cb1fd959c6ef3024d5618b497f05d3", size = 4788876 }
wheels = [
    { url = "https://files.pythonhosted.org/packages/f5/61/b251ce6755d0d3c6f4c8cb245941b80901624fce7efeb95b37c170da2565/polars-1.32.2-cp39-abi3-macosx_10_12_x86_64.whl", hash = "sha256:f21da6a5210898ec800b7e9e667fb53eb9161b7ceb812ee6555ff5661a00e517", size = 37770199 },
    { url = "https://files.pythonhosted.org/packages/22/74/ea073a88073cd6025b12850484f51d30dad695b51432a3f0a0439e2f8094/polars-1.32.2-cp39-abi3-macosx_11_0_arm64.whl", hash = "sha256:d3f4e061312ef6c2a907378ce407a6132734fe1a13f261a1984a1a9ca2f6febc", size = 34461798 },
    { url = "https://files.pythonhosted.org/packages/ec/14/ee34ebe3eb842c83ca1d2d3af6ee02b08377e056ffad156c9a2b15a6d05c/polars-1.32.2-cp39-abi3-manylinux_2_17_x86_64.manylinux2014_x86_64.whl", hash = "sha256:a711a750cfc19f1f883d2b46895dd698abf4d446ca41c3bf510ced0ff1178057", size = 38280883 },
    { url = "https://files.pythonhosted.org/packages/af/ed/0f5ab777b0dc95936074266bc6fd9cf117886ebdd6685589437edfdbb186/polars-1.32.2-cp39-abi3-manylinux_2_24_aarch64.whl", hash = "sha256:d1c53a828eedc215fb0dabc7cef02c6f4ad042157512ddb99840fd42b8da1e8a", size = 35490843 },
    { url = "https://files.pythonhosted.org/packages/91/58/d2840554ef1c69e06a28ee928bdaa0d6a61af12205ff24c096628f217f99/polars-1.32.2-cp39-abi3-win_amd64.whl", hash = "sha256:5e1660a584e89e1d60cd89984feca38a695e491a966581fefe8be99c230ea154", size = 37897347 },
    { url = "https://files.pythonhosted.org/packages/b8/53/4eaaa4f219add46594db21a05a9a5629ec6af20bd859a90668d5a1448abc/polars-1.32.2-cp39-abi3-win_arm64.whl", hash = "sha256:cd390364f6f3927474bd0aed255103195b9d2b3eef0f0c5bb429db5e6311615e", size = 34059100 },
]

[[package]]
name = "python-dateutil"
version = "2.9.0.post0"
source = { registry = "https://pypi.org/simple" }
dependencies = [
    { name = "six" },
]
sdist = { url = "https://files.pythonhosted.org/packages/66/c0/0c8b6ad9f17a802ee498c46e004a0eb49bc148f2fd230864601a86dcf6db/python-dateutil-2.9.0.post0.tar.gz", hash = "sha256:37dd54208da7e1cd875388217d5e00ebd4179249f90fb72437e91a35459a0ad3", size = 342432 }
wheels = [
    { url = "https://files.pythonhosted.org/packages/ec/57/56b9bcc3c9c6a792fcbaf139543cee77261f3651ca9da0c93f5c1221264b/python_dateutil-2.9.0.post0-py2.py3-none-any.whl", hash = "sha256:a8b2bc7bffae282281c8140a97d3aa9c14da0b136dfe83f850eea9a5f7470427", size = 229892 },
]

[[package]]
name = "s3fs"
version = "0.4.2"
source = { registry = "https://pypi.org/simple" }
dependencies = [
    { name = "botocore" },
    { name = "fsspec" },
]
sdist = { url = "https://files.pythonhosted.org/packages/d9/9a/504cb277632c4d325beabbd03bb43778f0decb9be22d9e0e6c62f44540c7/s3fs-0.4.2.tar.gz", hash = "sha256:2ca5de8dc18ad7ad350c0bd01aef0406aa5d0fff78a561f0f710f9d9858abdd0", size = 57527 }
wheels = [
    { url = "https://files.pythonhosted.org/packages/b8/e4/b8fc59248399d2482b39340ec9be4bb2493846ac23641b43115a7e5cd675/s3fs-0.4.2-py3-none-any.whl", hash = "sha256:91c1dfb45e5217bd441a7a560946fe865ced6225ff7eb0fb459fe6e601a95ed3", size = 19791 },
]

[[package]]
name = "s3transfer"
version = "0.13.1"
source = { registry = "https://pypi.org/simple" }
dependencies = [
    { name = "botocore" },
]
sdist = { url = "https://files.pythonhosted.org/packages/6d/05/d52bf1e65044b4e5e27d4e63e8d1579dbdec54fce685908ae09bc3720030/s3transfer-0.13.1.tar.gz", hash = "sha256:c3fdba22ba1bd367922f27ec8032d6a1cf5f10c934fb5d68cf60fd5a23d936cf", size = 150589 }
wheels = [
    { url = "https://files.pythonhosted.org/packages/6d/4f/d073e09df851cfa251ef7840007d04db3293a0482ce607d2b993926089be/s3transfer-0.13.1-py3-none-any.whl", hash = "sha256:a981aa7429be23fe6dfc13e80e4020057cbab622b08c0315288758d67cabc724", size = 85308 },
]

[[package]]
name = "six"
version = "1.17.0"
source = { registry = "https://pypi.org/simple" }
sdist = { url = "https://files.pythonhosted.org/packages/94/e7/b2c673351809dca68a0e064b6af791aa332cf192da575fd474ed7d6f16a2/six-1.17.0.tar.gz", hash = "sha256:ff70335d468e7eb6ec65b95b99d3a2836546063f63acc5171de367e834932a81", size = 34031 }
wheels = [
    { url = "https://files.pythonhosted.org/packages/b7/ce/149a00dd41f10bc29e5921b496af8b574d8413afcd5e30dfa0ed46c2cc5e/six-1.17.0-py2.py3-none-any.whl", hash = "sha256:4721f391ed90541fddacab5acf947aa0d3dc7d27b2e1e8eda2be8970586c3274", size = 11050 },
]

[[package]]
name = "urllib3"
version = "2.5.0"
source = { registry = "https://pypi.org/simple" }
sdist = { url = "https://files.pythonhosted.org/packages/15/22/9ee70a2574a4f4599c47dd506532914ce044817c7752a79b6a51286319bc/urllib3-2.5.0.tar.gz", hash = "sha256:3fc47733c7e419d4bc3f6b3dc2b4f890bb743906a30d56ba4a5bfa4bbff92760", size = 393185 }
wheels = [
    { url = "https://files.pythonhosted.org/packages/a7/c2/fe1e52489ae3122415c51f387e221dd0773709bad6c6cdaa599e8a2c5185/urllib3-2.5.0-py3-none-any.whl", hash = "sha256:e6b01673c0fa6a13e374b50871808eb3bf7046c4b125b216f6bf1cc604cff0dc", size = 129795 },
]

[[package]]
name = "wrapt"
version = "1.17.3"
source = { registry = "https://pypi.org/simple" }
sdist = { url = "https://files.pythonhosted.org/packages/95/8f/aeb76c5b46e273670962298c23e7ddde79916cb74db802131d49a85e4b7d/wrapt-1.17.3.tar.gz", hash = "sha256:f66eb08feaa410fe4eebd17f2a2c8e2e46d3476e9f8c783daa8e09e0faa666d0", size = 55547 }
wheels = [
    { url = "https://files.pythonhosted.org/packages/9f/41/cad1aba93e752f1f9268c77270da3c469883d56e2798e7df6240dcb2287b/wrapt-1.17.3-cp312-cp312-macosx_10_13_universal2.whl", hash = "sha256:ab232e7fdb44cdfbf55fc3afa31bcdb0d8980b9b95c38b6405df2acb672af0e0", size = 53998 },
    { url = "https://files.pythonhosted.org/packages/60/f8/096a7cc13097a1869fe44efe68dace40d2a16ecb853141394047f0780b96/wrapt-1.17.3-cp312-cp312-macosx_10_13_x86_64.whl", hash = "sha256:9baa544e6acc91130e926e8c802a17f3b16fbea0fd441b5a60f5cf2cc5c3deba", size = 39020 },
    { url = "https://files.pythonhosted.org/packages/33/df/bdf864b8997aab4febb96a9ae5c124f700a5abd9b5e13d2a3214ec4be705/wrapt-1.17.3-cp312-cp312-macosx_11_0_arm64.whl", hash = "sha256:6b538e31eca1a7ea4605e44f81a48aa24c4632a277431a6ed3f328835901f4fd", size = 39098 },
    { url = "https://files.pythonhosted.org/packages/9f/81/5d931d78d0eb732b95dc3ddaeeb71c8bb572fb01356e9133916cd729ecdd/wrapt-1.17.3-cp312-cp312-manylinux1_x86_64.manylinux_2_28_x86_64.manylinux_2_5_x86_64.whl", hash = "sha256:042ec3bb8f319c147b1301f2393bc19dba6e176b7da446853406d041c36c7828", size = 88036 },
    { url = "https://files.pythonhosted.org/packages/ca/38/2e1785df03b3d72d34fc6252d91d9d12dc27a5c89caef3335a1bbb8908ca/wrapt-1.17.3-cp312-cp312-manylinux2014_aarch64.manylinux_2_17_aarch64.manylinux_2_28_aarch64.whl", hash = "sha256:3af60380ba0b7b5aeb329bc4e402acd25bd877e98b3727b0135cb5c2efdaefe9", size = 88156 },
    { url = "https://files.pythonhosted.org/packages/b3/8b/48cdb60fe0603e34e05cffda0b2a4adab81fd43718e11111a4b0100fd7c1/wrapt-1.17.3-cp312-cp312-musllinux_1_2_aarch64.whl", hash = "sha256:0b02e424deef65c9f7326d8c19220a2c9040c51dc165cddb732f16198c168396", size = 87102 },
    { url = "https://files.pythonhosted.org/packages/3c/51/d81abca783b58f40a154f1b2c56db1d2d9e0d04fa2d4224e357529f57a57/wrapt-1.17.3-cp312-cp312-musllinux_1_2_x86_64.whl", hash = "sha256:74afa28374a3c3a11b3b5e5fca0ae03bef8450d6aa3ab3a1e2c30e3a75d023dc", size = 87732 },
    { url = "https://files.pythonhosted.org/packages/9e/b1/43b286ca1392a006d5336412d41663eeef1ad57485f3e52c767376ba7e5a/wrapt-1.17.3-cp312-cp312-win32.whl", hash = "sha256:4da9f45279fff3543c371d5ababc57a0384f70be244de7759c85a7f989cb4ebe", size = 36705 },
    { url = "https://files.pythonhosted.org/packages/28/de/49493f962bd3c586ab4b88066e967aa2e0703d6ef2c43aa28cb83bf7b507/wrapt-1.17.3-cp312-cp312-win_amd64.whl", hash = "sha256:e71d5c6ebac14875668a1e90baf2ea0ef5b7ac7918355850c0908ae82bcb297c", size = 38877 },
    { url = "https://files.pythonhosted.org/packages/f1/48/0f7102fe9cb1e8a5a77f80d4f0956d62d97034bbe88d33e94699f99d181d/wrapt-1.17.3-cp312-cp312-win_arm64.whl", hash = "sha256:604d076c55e2fdd4c1c03d06dc1a31b95130010517b5019db15365ec4a405fc6", size = 36885 },
    { url = "https://files.pythonhosted.org/packages/fc/f6/759ece88472157acb55fc195e5b116e06730f1b651b5b314c66291729193/wrapt-1.17.3-cp313-cp313-macosx_10_13_universal2.whl", hash = "sha256:a47681378a0439215912ef542c45a783484d4dd82bac412b71e59cf9c0e1cea0", size = 54003 },
    { url = "https://files.pythonhosted.org/packages/4f/a9/49940b9dc6d47027dc850c116d79b4155f15c08547d04db0f07121499347/wrapt-1.17.3-cp313-cp313-macosx_10_13_x86_64.whl", hash = "sha256:54a30837587c6ee3cd1a4d1c2ec5d24e77984d44e2f34547e2323ddb4e22eb77", size = 39025 },
    { url = "https://files.pythonhosted.org/packages/45/35/6a08de0f2c96dcdd7fe464d7420ddb9a7655a6561150e5fc4da9356aeaab/wrapt-1.17.3-cp313-cp313-macosx_11_0_arm64.whl", hash = "sha256:16ecf15d6af39246fe33e507105d67e4b81d8f8d2c6598ff7e3ca1b8a37213f7", size = 39108 },
    { url = "https://files.pythonhosted.org/packages/0c/37/6faf15cfa41bf1f3dba80cd3f5ccc6622dfccb660ab26ed79f0178c7497f/wrapt-1.17.3-cp313-cp313-manylinux1_x86_64.manylinux_2_28_x86_64.manylinux_2_5_x86_64.whl", hash = "sha256:6fd1ad24dc235e4ab88cda009e19bf347aabb975e44fd5c2fb22a3f6e4141277", size = 88072 },
    { url = "https://files.pythonhosted.org/packages/78/f2/efe19ada4a38e4e15b6dff39c3e3f3f73f5decf901f66e6f72fe79623a06/wrapt-1.17.3-cp313-cp313-manylinux2014_aarch64.manylinux_2_17_aarch64.manylinux_2_28_aarch64.whl", hash = "sha256:0ed61b7c2d49cee3c027372df5809a59d60cf1b6c2f81ee980a091f3afed6a2d", size = 88214 },
    { url = "https://files.pythonhosted.org/packages/40/90/ca86701e9de1622b16e09689fc24b76f69b06bb0150990f6f4e8b0eeb576/wrapt-1.17.3-cp313-cp313-musllinux_1_2_aarch64.whl", hash = "sha256:423ed5420ad5f5529db9ce89eac09c8a2f97da18eb1c870237e84c5a5c2d60aa", size = 87105 },
    { url = "https://files.pythonhosted.org/packages/fd/e0/d10bd257c9a3e15cbf5523025252cc14d77468e8ed644aafb2d6f54cb95d/wrapt-1.17.3-cp313-cp313-musllinux_1_2_x86_64.whl", hash = "sha256:e01375f275f010fcbf7f643b4279896d04e571889b8a5b3f848423d91bf07050", size = 87766 },
    { url = "https://files.pythonhosted.org/packages/e8/cf/7d848740203c7b4b27eb55dbfede11aca974a51c3d894f6cc4b865f42f58/wrapt-1.17.3-cp313-cp313-win32.whl", hash = "sha256:53e5e39ff71b3fc484df8a522c933ea2b7cdd0d5d15ae82e5b23fde87d44cbd8", size = 36711 },
    { url = "https://files.pythonhosted.org/packages/57/54/35a84d0a4d23ea675994104e667ceff49227ce473ba6a59ba2c84f250b74/wrapt-1.17.3-cp313-cp313-win_amd64.whl", hash = "sha256:1f0b2f40cf341ee8cc1a97d51ff50dddb9fcc73241b9143ec74b30fc4f44f6cb", size = 38885 },
    { url = "https://files.pythonhosted.org/packages/01/77/66e54407c59d7b02a3c4e0af3783168fff8e5d61def52cda8728439d86bc/wrapt-1.17.3-cp313-cp313-win_arm64.whl", hash = "sha256:7425ac3c54430f5fc5e7b6f41d41e704db073309acfc09305816bc6a0b26bb16", size = 36896 },
    { url = "https://files.pythonhosted.org/packages/02/a2/cd864b2a14f20d14f4c496fab97802001560f9f41554eef6df201cd7f76c/wrapt-1.17.3-cp314-cp314-macosx_10_13_universal2.whl", hash = "sha256:cf30f6e3c077c8e6a9a7809c94551203c8843e74ba0c960f4a98cd80d4665d39", size = 54132 },
    { url = "https://files.pythonhosted.org/packages/d5/46/d011725b0c89e853dc44cceb738a307cde5d240d023d6d40a82d1b4e1182/wrapt-1.17.3-cp314-cp314-macosx_10_13_x86_64.whl", hash = "sha256:e228514a06843cae89621384cfe3a80418f3c04aadf8a3b14e46a7be704e4235", size = 39091 },
    { url = "https://files.pythonhosted.org/packages/2e/9e/3ad852d77c35aae7ddebdbc3b6d35ec8013af7d7dddad0ad911f3d891dae/wrapt-1.17.3-cp314-cp314-macosx_11_0_arm64.whl", hash = "sha256:5ea5eb3c0c071862997d6f3e02af1d055f381b1d25b286b9d6644b79db77657c", size = 39172 },
    { url = "https://files.pythonhosted.org/packages/c3/f7/c983d2762bcce2326c317c26a6a1e7016f7eb039c27cdf5c4e30f4160f31/wrapt-1.17.3-cp314-cp314-manylinux1_x86_64.manylinux_2_28_x86_64.manylinux_2_5_x86_64.whl", hash = "sha256:281262213373b6d5e4bb4353bc36d1ba4084e6d6b5d242863721ef2bf2c2930b", size = 87163 },
    { url = "https://files.pythonhosted.org/packages/e4/0f/f673f75d489c7f22d17fe0193e84b41540d962f75fce579cf6873167c29b/wrapt-1.17.3-cp314-cp314-manylinux2014_aarch64.manylinux_2_17_aarch64.manylinux_2_28_aarch64.whl", hash = "sha256:dc4a8d2b25efb6681ecacad42fca8859f88092d8732b170de6a5dddd80a1c8fa", size = 87963 },
    { url = "https://files.pythonhosted.org/packages/df/61/515ad6caca68995da2fac7a6af97faab8f78ebe3bf4f761e1b77efbc47b5/wrapt-1.17.3-cp314-cp314-musllinux_1_2_aarch64.whl", hash = "sha256:373342dd05b1d07d752cecbec0c41817231f29f3a89aa8b8843f7b95992ed0c7", size = 86945 },
    { url = "https://files.pythonhosted.org/packages/d3/bd/4e70162ce398462a467bc09e768bee112f1412e563620adc353de9055d33/wrapt-1.17.3-cp314-cp314-musllinux_1_2_x86_64.whl", hash = "sha256:d40770d7c0fd5cbed9d84b2c3f2e156431a12c9a37dc6284060fb4bec0b7ffd4", size = 86857 },
    { url = "https://files.pythonhosted.org/packages/2b/b8/da8560695e9284810b8d3df8a19396a6e40e7518059584a1a394a2b35e0a/wrapt-1.17.3-cp314-cp314-win32.whl", hash = "sha256:fbd3c8319de8e1dc79d346929cd71d523622da527cca14e0c1d257e31c2b8b10", size = 37178 },
    { url = "https://files.pythonhosted.org/packages/db/c8/b71eeb192c440d67a5a0449aaee2310a1a1e8eca41676046f99ed2487e9f/wrapt-1.17.3-cp314-cp314-win_amd64.whl", hash = "sha256:e1a4120ae5705f673727d3253de3ed0e016f7cd78dc463db1b31e2463e1f3cf6", size = 39310 },
    { url = "https://files.pythonhosted.org/packages/45/20/2cda20fd4865fa40f86f6c46ed37a2a8356a7a2fde0773269311f2af56c7/wrapt-1.17.3-cp314-cp314-win_arm64.whl", hash = "sha256:507553480670cab08a800b9463bdb881b2edeed77dc677b0a5915e6106e91a58", size = 37266 },
    { url = "https://files.pythonhosted.org/packages/77/ed/dd5cf21aec36c80443c6f900449260b80e2a65cf963668eaef3b9accce36/wrapt-1.17.3-cp314-cp314t-macosx_10_13_universal2.whl", hash = "sha256:ed7c635ae45cfbc1a7371f708727bf74690daedc49b4dba310590ca0bd28aa8a", size = 56544 },
    { url = "https://files.pythonhosted.org/packages/8d/96/450c651cc753877ad100c7949ab4d2e2ecc4d97157e00fa8f45df682456a/wrapt-1.17.3-cp314-cp314t-macosx_10_13_x86_64.whl", hash = "sha256:249f88ed15503f6492a71f01442abddd73856a0032ae860de6d75ca62eed8067", size = 40283 },
    { url = "https://files.pythonhosted.org/packages/d1/86/2fcad95994d9b572db57632acb6f900695a648c3e063f2cd344b3f5c5a37/wrapt-1.17.3-cp314-cp314t-macosx_11_0_arm64.whl", hash = "sha256:5a03a38adec8066d5a37bea22f2ba6bbf39fcdefbe2d91419ab864c3fb515454", size = 40366 },
    { url = "https://files.pythonhosted.org/packages/64/0e/f4472f2fdde2d4617975144311f8800ef73677a159be7fe61fa50997d6c0/wrapt-1.17.3-cp314-cp314t-manylinux1_x86_64.manylinux_2_28_x86_64.manylinux_2_5_x86_64.whl", hash = "sha256:5d4478d72eb61c36e5b446e375bbc49ed002430d17cdec3cecb36993398e1a9e", size = 108571 },
    { url = "https://files.pythonhosted.org/packages/cc/01/9b85a99996b0a97c8a17484684f206cbb6ba73c1ce6890ac668bcf3838fb/wrapt-1.17.3-cp314-cp314t-manylinux2014_aarch64.manylinux_2_17_aarch64.manylinux_2_28_aarch64.whl", hash = "sha256:223db574bb38637e8230eb14b185565023ab624474df94d2af18f1cdb625216f", size = 113094 },
    { url = "https://files.pythonhosted.org/packages/25/02/78926c1efddcc7b3aa0bc3d6b33a822f7d898059f7cd9ace8c8318e559ef/wrapt-1.17.3-cp314-cp314t-musllinux_1_2_aarch64.whl", hash = "sha256:e405adefb53a435f01efa7ccdec012c016b5a1d3f35459990afc39b6be4d5056", size = 110659 },
    { url = "https://files.pythonhosted.org/packages/dc/ee/c414501ad518ac3e6fe184753632fe5e5ecacdcf0effc23f31c1e4f7bfcf/wrapt-1.17.3-cp314-cp314t-musllinux_1_2_x86_64.whl", hash = "sha256:88547535b787a6c9ce4086917b6e1d291aa8ed914fdd3a838b3539dc95c12804", size = 106946 },
    { url = "https://files.pythonhosted.org/packages/be/44/a1bd64b723d13bb151d6cc91b986146a1952385e0392a78567e12149c7b4/wrapt-1.17.3-cp314-cp314t-win32.whl", hash = "sha256:41b1d2bc74c2cac6f9074df52b2efbef2b30bdfe5f40cb78f8ca22963bc62977", size = 38717 },
    { url = "https://files.pythonhosted.org/packages/79/d9/7cfd5a312760ac4dd8bf0184a6ee9e43c33e47f3dadc303032ce012b8fa3/wrapt-1.17.3-cp314-cp314t-win_amd64.whl", hash = "sha256:73d496de46cd2cdbdbcce4ae4bcdb4afb6a11234a1df9c085249d55166b95116", size = 41334 },
    { url = "https://files.pythonhosted.org/packages/46/78/10ad9781128ed2f99dbc474f43283b13fea8ba58723e98844367531c18e9/wrapt-1.17.3-cp314-cp314t-win_arm64.whl", hash = "sha256:f38e60678850c42461d4202739f9bf1e3a737c7ad283638251e79cc49effb6b6", size = 38471 },
    { url = "https://files.pythonhosted.org/packages/1f/f6/a933bd70f98e9cf3e08167fc5cd7aaaca49147e48411c0bd5ae701bb2194/wrapt-1.17.3-py3-none-any.whl", hash = "sha256:7171ae35d2c33d326ac19dd8facb1e82e5fd04ef8c6c0e394d7af55a55051c22", size = 23591 },
]
